
Microsoft Visual Studio Solution File, Format Version 12.00
# Visual Studio Version 16
VisualStudioVersion = 16.0.31025.194
MinimumVisualStudioVersion = 10.0.40219.1
Project("{FAE04EC0-301F-11D3-BF4B-00C04F79EFBC}") = "IDS.VAS.Excel2Xml", "IDS.VAS.Excel2Xml.csproj", "{326574A8-FE40-4827-852D-CCEC91947F32}"
EndProject
Project("{FAE04EC0-301F-11D3-BF4B-00C04F79EFBC}") = "IDS.VAS.Excel2Xml.Convert", "..\IDS.VAS.Excel2Xml.Convert\IDS.VAS.Excel2Xml.Convert.csproj", "{7984C273-E9D5-4C2A-8683-7E0CEDFFDAF6}"
EndProject
Project("{FAE04EC0-301F-11D3-BF4B-00C04F79EFBC}") = "IDS.VAS.Excel2Xml.Automate", "..\IDS.VAS.Excel2Xml.Automate\IDS.VAS.Excel2Xml.Automate.csproj", "{264D8722-8149-41E0-B166-6B39A91C60C6}"
EndProject
Project("{9A19103F-16F7-4668-BE54-9A1E7A4F7556}") = "IDS.VAS.Excel2Json", "..\IDS.VAS.Excel2Json\IDS.VAS.Excel2Json.csproj", "{D1326D65-448B-47A8-99E9-189C9118E699}"
EndProject
Project("{9A19103F-16F7-4668-BE54-9A1E7A4F7556}") = "IDS.VAS.Xml2Json", "..\IDS.VAS.Xml2Json\IDS.VAS.Xml2Json.csproj", "{DBBB48AB-D573-426B-8FF1-FF31305BD841}"
EndProject
Project("{FAE04EC0-301F-11D3-BF4B-00C04F79EFBC}") = "IDS.VAS.Excel2Xml.Web", "..\IDS.VAS.Excel2Xml.Web\IDS.VAS.Excel2Xml.Web.csproj", "{A87F425A-8879-4DA9-9817-1642DF4AFEB8}"
EndProject
Global
	GlobalSection(SolutionConfigurationPlatforms) = preSolution
		Debug|Any CPU = Debug|Any CPU
		Release|Any CPU = Release|Any CPU
	EndGlobalSection
	GlobalSection(ProjectConfigurationPlatforms) = postSolution
		{326574A8-FE40-4827-852D-CCEC91947F32}.Debug|Any CPU.ActiveCfg = Debug|Any CPU
		{326574A8-FE40-4827-852D-CCEC91947F32}.Debug|Any CPU.Build.0 = Debug|Any CPU
		{326574A8-FE40-4827-852D-CCEC91947F32}.Release|Any CPU.ActiveCfg = Release|Any CPU
		{326574A8-FE40-4827-852D-CCEC91947F32}.Release|Any CPU.Build.0 = Release|Any CPU
		{7984C273-E9D5-4C2A-8683-7E0CEDFFDAF6}.Debug|Any CPU.ActiveCfg = Debug|Any CPU
		{7984C273-E9D5-4C2A-8683-7E0CEDFFDAF6}.Debug|Any CPU.Build.0 = Debug|Any CPU
		{7984C273-E9D5-4C2A-8683-7E0CEDFFDAF6}.Release|Any CPU.ActiveCfg = Release|Any CPU
		{7984C273-E9D5-4C2A-8683-7E0CEDFFDAF6}.Release|Any CPU.Build.0 = Release|Any CPU
		{264D8722-8149-41E0-B166-6B39A91C60C6}.Debug|Any CPU.ActiveCfg = Debug|Any CPU
		{264D8722-8149-41E0-B166-6B39A91C60C6}.Debug|Any CPU.Build.0 = Debug|Any CPU
		{264D8722-8149-41E0-B166-6B39A91C60C6}.Release|Any CPU.ActiveCfg = Release|Any CPU
		{264D8722-8149-41E0-B166-6B39A91C60C6}.Release|Any CPU.Build.0 = Release|Any CPU
		{D1326D65-448B-47A8-99E9-189C9118E699}.Debug|Any CPU.ActiveCfg = Debug|Any CPU
		{D1326D65-448B-47A8-99E9-189C9118E699}.Debug|Any CPU.Build.0 = Debug|Any CPU
		{D1326D65-448B-47A8-99E9-189C9118E699}.Release|Any CPU.ActiveCfg = Release|Any CPU
		{D1326D65-448B-47A8-99E9-189C9118E699}.Release|Any CPU.Build.0 = Release|Any CPU
		{DBBB48AB-D573-426B-8FF1-FF31305BD841}.Debug|Any CPU.ActiveCfg = Debug|Any CPU
		{DBBB48AB-D573-426B-8FF1-FF31305BD841}.Debug|Any CPU.Build.0 = Debug|Any CPU
		{DBBB48AB-D573-426B-8FF1-FF31305BD841}.Release|Any CPU.ActiveCfg = Release|Any CPU
		{DBBB48AB-D573-426B-8FF1-FF31305BD841}.Release|Any CPU.Build.0 = Release|Any CPU
		{A87F425A-8879-4DA9-9817-1642DF4AFEB8}.Debug|Any CPU.ActiveCfg = Debug|Any CPU
		{A87F425A-8879-4DA9-9817-1642DF4AFEB8}.Debug|Any CPU.Build.0 = Debug|Any CPU
		{A87F425A-8879-4DA9-9817-1642DF4AFEB8}.Release|Any CPU.ActiveCfg = Release|Any CPU
		{A87F425A-8879-4DA9-9817-1642DF4AFEB8}.Release|Any CPU.Build.0 = Release|Any CPU
	EndGlobalSection
	GlobalSection(SolutionProperties) = preSolution
		HideSolutionNode = FALSE
	EndGlobalSection
	GlobalSection(ExtensibilityGlobals) = postSolution
		SolutionGuid = {342D386D-33CE-4416-A901-D43898ADE075}
	EndGlobalSection
EndGlobal
